
Microsoft Visual Studio Solution File, Format Version 12.00
# Visual Studio 15
VisualStudioVersion = 15.0.27428.2043
MinimumVisualStudioVersion = 10.0.40219.1
Project("{FAE04EC0-301F-11D3-BF4B-00C04F79EFBC}") = "SwinnyVetAPI", "SwinnyVetAPI\SwinnyVetAPI.csproj", "{C64C1AF3-4F42-498E-A1ED-70E8711C5ECE}"
EndProject
Global
	GlobalSection(SolutionConfigurationPlatforms) = preSolution
		Debug|Any CPU = Debug|Any CPU
		Release|Any CPU = Release|Any CPU
	EndGlobalSection
	GlobalSection(ProjectConfigurationPlatforms) = postSolution
		{C64C1AF3-4F42-498E-A1ED-70E8711C5ECE}.Debug|Any CPU.ActiveCfg = Debug|Any CPU
		{C64C1AF3-4F42-498E-A1ED-70E8711C5ECE}.Debug|Any CPU.Build.0 = Debug|Any CPU
		{C64C1AF3-4F42-498E-A1ED-70E8711C5ECE}.Release|Any CPU.ActiveCfg = Release|Any CPU
		{C64C1AF3-4F42-498E-A1ED-70E8711C5ECE}.Release|Any CPU.Build.0 = Release|Any CPU
	EndGlobalSection
	GlobalSection(SolutionProperties) = preSolution
		HideSolutionNode = FALSE
	EndGlobalSection
	GlobalSection(ExtensibilityGlobals) = postSolution
		SolutionGuid = {A62F43F4-C416-46C6-9CCC-96C1F6B85241}
	EndGlobalSection
EndGlobal
